
Microsoft Visual Studio Solution File, Format Version 12.00
# Visual Studio Version 16
VisualStudioVersion = 16.0.32106.194
MinimumVisualStudioVersion = 10.0.40219.1
Project("{FAE04EC0-301F-11D3-BF4B-00C04F79EFBC}") = "Lab 10.02.2023", "Lab 10.02.2023\Lab 10.02.2023.csproj", "{CACA2D0C-D244-4E61-BCFA-B8217D13C4E8}"
EndProject
Global
	GlobalSection(SolutionConfigurationPlatforms) = preSolution
		Debug|Any CPU = Debug|Any CPU
		Release|Any CPU = Release|Any CPU
	EndGlobalSection
	GlobalSection(ProjectConfigurationPlatforms) = postSolution
		{CACA2D0C-D244-4E61-BCFA-B8217D13C4E8}.Debug|Any CPU.ActiveCfg = Debug|Any CPU
		{CACA2D0C-D244-4E61-BCFA-B8217D13C4E8}.Debug|Any CPU.Build.0 = Debug|Any CPU
		{CACA2D0C-D244-4E61-BCFA-B8217D13C4E8}.Release|Any CPU.ActiveCfg = Release|Any CPU
		{CACA2D0C-D244-4E61-BCFA-B8217D13C4E8}.Release|Any CPU.Build.0 = Release|Any CPU
	EndGlobalSection
	GlobalSection(SolutionProperties) = preSolution
		HideSolutionNode = FALSE
	EndGlobalSection
	GlobalSection(ExtensibilityGlobals) = postSolution
		SolutionGuid = {CC8237DA-6870-4089-B006-1F2026A3C60B}
	EndGlobalSection
EndGlobal
